
Microsoft Visual Studio Solution File, Format Version 12.00
# Visual Studio Version 16
VisualStudioVersion = 16.0.31229.75
MinimumVisualStudioVersion = 10.0.40219.1
Project("{8BC9CEB8-8B4A-11D0-8D11-00A0C91BC942}") = "GVAInjector", "GVAInjector\GVAInjector.vcxproj", "{0E6B04DB-F3A8-489C-B209-F3192ABB0788}"
EndProject
Global
	GlobalSection(SolutionConfigurationPlatforms) = preSolution
		Debug|x64 = Debug|x64
		Debug|x86 = Debug|x86
		Release|x64 = Release|x64
		Release|x86 = Release|x86
	EndGlobalSection
	GlobalSection(ProjectConfigurationPlatforms) = postSolution
		{0E6B04DB-F3A8-489C-B209-F3192ABB0788}.Debug|x64.ActiveCfg = Debug|x64
		{0E6B04DB-F3A8-489C-B209-F3192ABB0788}.Debug|x64.Build.0 = Debug|x64
		{0E6B04DB-F3A8-489C-B209-F3192ABB0788}.Debug|x86.ActiveCfg = Debug|Win32
		{0E6B04DB-F3A8-489C-B209-F3192ABB0788}.Debug|x86.Build.0 = Debug|Win32
		{0E6B04DB-F3A8-489C-B209-F3192ABB0788}.Release|x64.ActiveCfg = Release|x64
		{0E6B04DB-F3A8-489C-B209-F3192ABB0788}.Release|x64.Build.0 = Release|x64
		{0E6B04DB-F3A8-489C-B209-F3192ABB0788}.Release|x86.ActiveCfg = Release|Win32
		{0E6B04DB-F3A8-489C-B209-F3192ABB0788}.Release|x86.Build.0 = Release|Win32
	EndGlobalSection
	GlobalSection(SolutionProperties) = preSolution
		HideSolutionNode = FALSE
	EndGlobalSection
	GlobalSection(ExtensibilityGlobals) = postSolution
		SolutionGuid = {A45B230C-6501-4923-AB27-F3C3DB574F71}
	EndGlobalSection
EndGlobal
